
Microsoft Visual Studio Solution File, Format Version 12.00
# Visual Studio Version 16
VisualStudioVersion = 16.0.29324.140
MinimumVisualStudioVersion = 10.0.40219.1
Project("{FAE04EC0-301F-11D3-BF4B-00C04F79EFBC}") = "Shop", "Shop\Shop.csproj", "{C6A4DAC2-BBDD-4788-9754-F7041ACDDD8C}"
EndProject
Project("{FAE04EC0-301F-11D3-BF4B-00C04F79EFBC}") = "DataAccess", "DataAccess\DataAccess.csproj", "{F1F8ADC3-96F1-46E9-9A47-B4CD6E19B2E7}"
EndProject
Project("{FAE04EC0-301F-11D3-BF4B-00C04F79EFBC}") = "Models", "Models\Models.csproj", "{FCEBC664-14A1-41DC-815C-BA2C52C0F24B}"
EndProject
Project("{FAE04EC0-301F-11D3-BF4B-00C04F79EFBC}") = "Services", "Services\Services.csproj", "{7F7596B1-9721-4972-8D08-FC32C0CDAA14}"
EndProject
Project("{FAE04EC0-301F-11D3-BF4B-00C04F79EFBC}") = "AbstractModels", "AbstractModels\AbstractModels.csproj", "{A244A8F1-F301-4AFB-B6D5-79457F685921}"
EndProject
Global
	GlobalSection(SolutionConfigurationPlatforms) = preSolution
		Debug|Any CPU = Debug|Any CPU
		Release|Any CPU = Release|Any CPU
	EndGlobalSection
	GlobalSection(ProjectConfigurationPlatforms) = postSolution
		{C6A4DAC2-BBDD-4788-9754-F7041ACDDD8C}.Debug|Any CPU.ActiveCfg = Debug|Any CPU
		{C6A4DAC2-BBDD-4788-9754-F7041ACDDD8C}.Debug|Any CPU.Build.0 = Debug|Any CPU
		{C6A4DAC2-BBDD-4788-9754-F7041ACDDD8C}.Release|Any CPU.ActiveCfg = Release|Any CPU
		{C6A4DAC2-BBDD-4788-9754-F7041ACDDD8C}.Release|Any CPU.Build.0 = Release|Any CPU
		{F1F8ADC3-96F1-46E9-9A47-B4CD6E19B2E7}.Debug|Any CPU.ActiveCfg = Debug|Any CPU
		{F1F8ADC3-96F1-46E9-9A47-B4CD6E19B2E7}.Debug|Any CPU.Build.0 = Debug|Any CPU
		{F1F8ADC3-96F1-46E9-9A47-B4CD6E19B2E7}.Release|Any CPU.ActiveCfg = Release|Any CPU
		{F1F8ADC3-96F1-46E9-9A47-B4CD6E19B2E7}.Release|Any CPU.Build.0 = Release|Any CPU
		{FCEBC664-14A1-41DC-815C-BA2C52C0F24B}.Debug|Any CPU.ActiveCfg = Debug|Any CPU
		{FCEBC664-14A1-41DC-815C-BA2C52C0F24B}.Debug|Any CPU.Build.0 = Debug|Any CPU
		{FCEBC664-14A1-41DC-815C-BA2C52C0F24B}.Release|Any CPU.ActiveCfg = Release|Any CPU
		{FCEBC664-14A1-41DC-815C-BA2C52C0F24B}.Release|Any CPU.Build.0 = Release|Any CPU
		{7F7596B1-9721-4972-8D08-FC32C0CDAA14}.Debug|Any CPU.ActiveCfg = Debug|Any CPU
		{7F7596B1-9721-4972-8D08-FC32C0CDAA14}.Debug|Any CPU.Build.0 = Debug|Any CPU
		{7F7596B1-9721-4972-8D08-FC32C0CDAA14}.Release|Any CPU.ActiveCfg = Release|Any CPU
		{7F7596B1-9721-4972-8D08-FC32C0CDAA14}.Release|Any CPU.Build.0 = Release|Any CPU
		{A244A8F1-F301-4AFB-B6D5-79457F685921}.Debug|Any CPU.ActiveCfg = Debug|Any CPU
		{A244A8F1-F301-4AFB-B6D5-79457F685921}.Debug|Any CPU.Build.0 = Debug|Any CPU
		{A244A8F1-F301-4AFB-B6D5-79457F685921}.Release|Any CPU.ActiveCfg = Release|Any CPU
		{A244A8F1-F301-4AFB-B6D5-79457F685921}.Release|Any CPU.Build.0 = Release|Any CPU
	EndGlobalSection
	GlobalSection(SolutionProperties) = preSolution
		HideSolutionNode = FALSE
	EndGlobalSection
	GlobalSection(ExtensibilityGlobals) = postSolution
		SolutionGuid = {BF021201-83D8-4FF9-AE59-C05B418B980F}
	EndGlobalSection
EndGlobal
